// !$*UTF8*$!
{
	archiveVersion = 1;
	classes = {
	};
	objectVersion = 46;
	objects = {

/* Begin PBXBuildFile section */
		12A5E173185F6E5E008D8471 /* simple.html in Resources */ = {isa = PBXBuildFile; fileRef = 12A5E172185F6E5E008D8471 /* simple.html */; };
		12A5E176185F73D5008D8471 /* UIViewController+GrapeJuice.m in Sources */ = {isa = PBXBuildFile; fileRef = 12A5E175185F73D5008D8471 /* UIViewController+GrapeJuice.m */; };
		12A5E179185F7948008D8471 /* GrapeJuiceViewController.m in Sources */ = {isa = PBXBuildFile; fileRef = 12A5E178185F7948008D8471 /* GrapeJuiceViewController.m */; };
		12A5E17D185F80DE008D8471 /* GJDivView.m in Sources */ = {isa = PBXBuildFile; fileRef = 12A5E17C185F80DE008D8471 /* GJDivView.m */; };
		12A5E183185F8E97008D8471 /* GJTextView.m in Sources */ = {isa = PBXBuildFile; fileRef = 12A5E182185F8E97008D8471 /* GJTextView.m */; };
		12A5E186185F97B7008D8471 /* GJBodyView.m in Sources */ = {isa = PBXBuildFile; fileRef = 12A5E185185F97B7008D8471 /* GJBodyView.m */; };
		12A5E1881860776E008D8471 /* no-css.html in Resources */ = {isa = PBXBuildFile; fileRef = 12A5E1871860776E008D8471 /* no-css.html */; };
		12A5E18B186079E6008D8471 /* UIView+HtmlLayout.m in Sources */ = {isa = PBXBuildFile; fileRef = 12A5E18A186079E6008D8471 /* UIView+HtmlLayout.m */; };
		12A5E18E1860ACD5008D8471 /* NSString+Utils.m in Sources */ = {isa = PBXBuildFile; fileRef = 12A5E18D1860ACD5008D8471 /* NSString+Utils.m */; };
		12A5E1911860AF9C008D8471 /* CallAlertButton.m in Sources */ = {isa = PBXBuildFile; fileRef = 12A5E1901860AF9C008D8471 /* CallAlertButton.m */; };
		1558AE54185F6A21001BB976 /* Foundation.framework in Frameworks */ = {isa = PBXBuildFile; fileRef = 1558AE53185F6A21001BB976 /* Foundation.framework */; };
		1558AE56185F6A21001BB976 /* CoreGraphics.framework in Frameworks */ = {isa = PBXBuildFile; fileRef = 1558AE55185F6A21001BB976 /* CoreGraphics.framework */; };
		1558AE58185F6A21001BB976 /* UIKit.framework in Frameworks */ = {isa = PBXBuildFile; fileRef = 1558AE57185F6A21001BB976 /* UIKit.framework */; };
		1558AE5E185F6A21001BB976 /* InfoPlist.strings in Resources */ = {isa = PBXBuildFile; fileRef = 1558AE5C185F6A21001BB976 /* InfoPlist.strings */; };
		1558AE60185F6A21001BB976 /* main.m in Sources */ = {isa = PBXBuildFile; fileRef = 1558AE5F185F6A21001BB976 /* main.m */; };
		1558AE64185F6A21001BB976 /* AppDelegate.m in Sources */ = {isa = PBXBuildFile; fileRef = 1558AE63185F6A21001BB976 /* AppDelegate.m */; };
		1558AE66185F6A21001BB976 /* Images.xcassets in Resources */ = {isa = PBXBuildFile; fileRef = 1558AE65185F6A21001BB976 /* Images.xcassets */; };
		1558AE6D185F6A21001BB976 /* XCTest.framework in Frameworks */ = {isa = PBXBuildFile; fileRef = 1558AE6C185F6A21001BB976 /* XCTest.framework */; };
		1558AE6E185F6A21001BB976 /* Foundation.framework in Frameworks */ = {isa = PBXBuildFile; fileRef = 1558AE53185F6A21001BB976 /* Foundation.framework */; };
		1558AE6F185F6A21001BB976 /* UIKit.framework in Frameworks */ = {isa = PBXBuildFile; fileRef = 1558AE57185F6A21001BB976 /* UIKit.framework */; };
		1558AE77185F6A21001BB976 /* InfoPlist.strings in Resources */ = {isa = PBXBuildFile; fileRef = 1558AE75185F6A21001BB976 /* InfoPlist.strings */; };
		1558AE79185F6A21001BB976 /* GrapeJuiceTests.m in Sources */ = {isa = PBXBuildFile; fileRef = 1558AE78185F6A21001BB976 /* GrapeJuiceTests.m */; };
		1558AEBD185F8F25001BB976 /* ESCssParser.m in Sources */ = {isa = PBXBuildFile; fileRef = 1558AE89185F8F25001BB976 /* ESCssParser.m */; };
		1558AEBE185F8F25001BB976 /* ESCssTokenizer.m in Sources */ = {isa = PBXBuildFile; fileRef = 1558AE8A185F8F25001BB976 /* ESCssTokenizer.m */; };
		1558AEBF185F8F25001BB976 /* ESCssTokens.m in Sources */ = {isa = PBXBuildFile; fileRef = 1558AE8C185F8F25001BB976 /* ESCssTokens.m */; };
		1558AEC0185F8F25001BB976 /* build.command in Resources */ = {isa = PBXBuildFile; fileRef = 1558AE8E185F8F25001BB976 /* build.command */; };
		1558AEC3185F8F25001BB976 /* LICENSE in Resources */ = {isa = PBXBuildFile; fileRef = 1558AE91185F8F25001BB976 /* LICENSE */; };
		1558AEC4185F8F25001BB976 /* README.md in Resources */ = {isa = PBXBuildFile; fileRef = 1558AE92185F8F25001BB976 /* README.md */; };
		1558AEE5185F8F61001BB976 /* simple.css in Resources */ = {isa = PBXBuildFile; fileRef = 1558AEE4185F8F61001BB976 /* simple.css */; };
		1558AEE9185F9F0B001BB976 /* GJLayout.m in Sources */ = {isa = PBXBuildFile; fileRef = 1558AEE8185F9F0B001BB976 /* GJLayout.m */; };
		1558AEEC185F9FA0001BB976 /* GJStyle.m in Sources */ = {isa = PBXBuildFile; fileRef = 1558AEEB185F9FA0001BB976 /* GJStyle.m */; };
		1558AEEF185FA4AB001BB976 /* GJStylesheet.m in Sources */ = {isa = PBXBuildFile; fileRef = 1558AEEE185FA4AB001BB976 /* GJStylesheet.m */; };
		1593DCD91860AF9C00B28C2B /* UIColorUtils.m in Sources */ = {isa = PBXBuildFile; fileRef = 1593DCD81860AF9C00B28C2B /* UIColorUtils.m */; };
		633E2BBE1860765600163A0D /* GJSpanView.m in Sources */ = {isa = PBXBuildFile; fileRef = 12A5E17F185F80EF008D8471 /* GJSpanView.m */; };
		63D6354718608A5600C0BECC /* GJButtonView.m in Sources */ = {isa = PBXBuildFile; fileRef = 63D6354518608A5600C0BECC /* GJButtonView.m */; };
		6A47FDA4186087140036749C /* CustomDivView.m in Sources */ = {isa = PBXBuildFile; fileRef = 6A47FDA3186087140036749C /* CustomDivView.m */; };
		C29067C50F1A497380A5E6E9 /* libPods.a in Frameworks */ = {isa = PBXBuildFile; fileRef = 4AAE8F12AA274E11AFE6D645 /* libPods.a */; };
/* End PBXBuildFile section */

/* Begin PBXContainerItemProxy section */
		1558AE70185F6A21001BB976 /* PBXContainerItemProxy */ = {
			isa = PBXContainerItemProxy;
			containerPortal = 1558AE48185F6A21001BB976 /* Project object */;
			proxyType = 1;
			remoteGlobalIDString = 1558AE4F185F6A21001BB976;
			remoteInfo = GrapeJuice;
		};
/* End PBXContainerItemProxy section */

/* Begin PBXFileReference section */
		12A5E172185F6E5E008D8471 /* simple.html */ = {isa = PBXFileReference; fileEncoding = 4; lastKnownFileType = text.html; path = simple.html; sourceTree = "<group>"; };
		12A5E174185F73D5008D8471 /* UIViewController+GrapeJuice.h */ = {isa = PBXFileReference; fileEncoding = 4; lastKnownFileType = sourcecode.c.h; path = "UIViewController+GrapeJuice.h"; sourceTree = "<group>"; };
		12A5E175185F73D5008D8471 /* UIViewController+GrapeJuice.m */ = {isa = PBXFileReference; fileEncoding = 4; lastKnownFileType = sourcecode.c.objc; path = "UIViewController+GrapeJuice.m"; sourceTree = "<group>"; };
		12A5E177185F7948008D8471 /* GrapeJuiceViewController.h */ = {isa = PBXFileReference; fileEncoding = 4; lastKnownFileType = sourcecode.c.h; path = GrapeJuiceViewController.h; sourceTree = "<group>"; };
		12A5E178185F7948008D8471 /* GrapeJuiceViewController.m */ = {isa = PBXFileReference; fileEncoding = 4; lastKnownFileType = sourcecode.c.objc; path = GrapeJuiceViewController.m; sourceTree = "<group>"; };
		12A5E17B185F80DE008D8471 /* GJDivView.h */ = {isa = PBXFileReference; fileEncoding = 4; lastKnownFileType = sourcecode.c.h; path = GJDivView.h; sourceTree = "<group>"; };
		12A5E17C185F80DE008D8471 /* GJDivView.m */ = {isa = PBXFileReference; fileEncoding = 4; lastKnownFileType = sourcecode.c.objc; path = GJDivView.m; sourceTree = "<group>"; };
		12A5E17E185F80EF008D8471 /* GJSpanView.h */ = {isa = PBXFileReference; fileEncoding = 4; lastKnownFileType = sourcecode.c.h; path = GJSpanView.h; sourceTree = "<group>"; };
		12A5E17F185F80EF008D8471 /* GJSpanView.m */ = {isa = PBXFileReference; fileEncoding = 4; lastKnownFileType = sourcecode.c.objc; path = GJSpanView.m; sourceTree = "<group>"; };
		12A5E181185F8E97008D8471 /* GJTextView.h */ = {isa = PBXFileReference; fileEncoding = 4; lastKnownFileType = sourcecode.c.h; path = GJTextView.h; sourceTree = "<group>"; };
		12A5E182185F8E97008D8471 /* GJTextView.m */ = {isa = PBXFileReference; fileEncoding = 4; lastKnownFileType = sourcecode.c.objc; path = GJTextView.m; sourceTree = "<group>"; };
		12A5E184185F97B7008D8471 /* GJBodyView.h */ = {isa = PBXFileReference; fileEncoding = 4; lastKnownFileType = sourcecode.c.h; path = GJBodyView.h; sourceTree = "<group>"; };
		12A5E185185F97B7008D8471 /* GJBodyView.m */ = {isa = PBXFileReference; fileEncoding = 4; lastKnownFileType = sourcecode.c.objc; path = GJBodyView.m; sourceTree = "<group>"; };
		12A5E1871860776E008D8471 /* no-css.html */ = {isa = PBXFileReference; fileEncoding = 4; lastKnownFileType = text.html; path = "no-css.html"; sourceTree = "<group>"; };
		12A5E189186079E6008D8471 /* UIView+HtmlLayout.h */ = {isa = PBXFileReference; fileEncoding = 4; lastKnownFileType = sourcecode.c.h; path = "UIView+HtmlLayout.h"; sourceTree = "<group>"; };
		12A5E18A186079E6008D8471 /* UIView+HtmlLayout.m */ = {isa = PBXFileReference; fileEncoding = 4; lastKnownFileType = sourcecode.c.objc; path = "UIView+HtmlLayout.m"; sourceTree = "<group>"; };
		12A5E18C1860ACD5008D8471 /* NSString+Utils.h */ = {isa = PBXFileReference; fileEncoding = 4; lastKnownFileType = sourcecode.c.h; path = "NSString+Utils.h"; sourceTree = "<group>"; };
		12A5E18D1860ACD5008D8471 /* NSString+Utils.m */ = {isa = PBXFileReference; fileEncoding = 4; lastKnownFileType = sourcecode.c.objc; path = "NSString+Utils.m"; sourceTree = "<group>"; };
		12A5E18F1860AF9C008D8471 /* CallAlertButton.h */ = {isa = PBXFileReference; fileEncoding = 4; lastKnownFileType = sourcecode.c.h; path = CallAlertButton.h; sourceTree = "<group>"; };
		12A5E1901860AF9C008D8471 /* CallAlertButton.m */ = {isa = PBXFileReference; fileEncoding = 4; lastKnownFileType = sourcecode.c.objc; path = CallAlertButton.m; sourceTree = "<group>"; };
		1558AE50185F6A21001BB976 /* GrapeJuice.app */ = {isa = PBXFileReference; explicitFileType = wrapper.application; includeInIndex = 0; path = GrapeJuice.app; sourceTree = BUILT_PRODUCTS_DIR; };
		1558AE53185F6A21001BB976 /* Foundation.framework */ = {isa = PBXFileReference; lastKnownFileType = wrapper.framework; name = Foundation.framework; path = System/Library/Frameworks/Foundation.framework; sourceTree = SDKROOT; };
		1558AE55185F6A21001BB976 /* CoreGraphics.framework */ = {isa = PBXFileReference; lastKnownFileType = wrapper.framework; name = CoreGraphics.framework; path = System/Library/Frameworks/CoreGraphics.framework; sourceTree = SDKROOT; };
		1558AE57185F6A21001BB976 /* UIKit.framework */ = {isa = PBXFileReference; lastKnownFileType = wrapper.framework; name = UIKit.framework; path = System/Library/Frameworks/UIKit.framework; sourceTree = SDKROOT; };
		1558AE5B185F6A21001BB976 /* GrapeJuice-Info.plist */ = {isa = PBXFileReference; lastKnownFileType = text.plist.xml; path = "GrapeJuice-Info.plist"; sourceTree = "<group>"; };
		1558AE5D185F6A21001BB976 /* en */ = {isa = PBXFileReference; lastKnownFileType = text.plist.strings; name = en; path = en.lproj/InfoPlist.strings; sourceTree = "<group>"; };
		1558AE5F185F6A21001BB976 /* main.m */ = {isa = PBXFileReference; lastKnownFileType = sourcecode.c.objc; path = main.m; sourceTree = "<group>"; };
		1558AE61185F6A21001BB976 /* GrapeJuice-Prefix.pch */ = {isa = PBXFileReference; lastKnownFileType = sourcecode.c.h; path = "GrapeJuice-Prefix.pch"; sourceTree = "<group>"; };
		1558AE62185F6A21001BB976 /* AppDelegate.h */ = {isa = PBXFileReference; lastKnownFileType = sourcecode.c.h; path = AppDelegate.h; sourceTree = "<group>"; };
		1558AE63185F6A21001BB976 /* AppDelegate.m */ = {isa = PBXFileReference; lastKnownFileType = sourcecode.c.objc; path = AppDelegate.m; sourceTree = "<group>"; };
		1558AE65185F6A21001BB976 /* Images.xcassets */ = {isa = PBXFileReference; lastKnownFileType = folder.assetcatalog; path = Images.xcassets; sourceTree = "<group>"; };
		1558AE6B185F6A21001BB976 /* GrapeJuiceTests.xctest */ = {isa = PBXFileReference; explicitFileType = wrapper.cfbundle; includeInIndex = 0; path = GrapeJuiceTests.xctest; sourceTree = BUILT_PRODUCTS_DIR; };
		1558AE6C185F6A21001BB976 /* XCTest.framework */ = {isa = PBXFileReference; lastKnownFileType = wrapper.framework; name = XCTest.framework; path = Library/Frameworks/XCTest.framework; sourceTree = DEVELOPER_DIR; };
		1558AE74185F6A21001BB976 /* GrapeJuiceTests-Info.plist */ = {isa = PBXFileReference; lastKnownFileType = text.plist.xml; path = "GrapeJuiceTests-Info.plist"; sourceTree = "<group>"; };
		1558AE76185F6A21001BB976 /* en */ = {isa = PBXFileReference; lastKnownFileType = text.plist.strings; name = en; path = en.lproj/InfoPlist.strings; sourceTree = "<group>"; };
		1558AE78185F6A21001BB976 /* GrapeJuiceTests.m */ = {isa = PBXFileReference; lastKnownFileType = sourcecode.c.objc; path = GrapeJuiceTests.m; sourceTree = "<group>"; };
		1558AE88185F8F25001BB976 /* ESCssParser.h */ = {isa = PBXFileReference; fileEncoding = 4; lastKnownFileType = sourcecode.c.h; path = ESCssParser.h; sourceTree = "<group>"; };
		1558AE89185F8F25001BB976 /* ESCssParser.m */ = {isa = PBXFileReference; fileEncoding = 4; lastKnownFileType = sourcecode.c.objc; path = ESCssParser.m; sourceTree = "<group>"; };
		1558AE8A185F8F25001BB976 /* ESCssTokenizer.m */ = {isa = PBXFileReference; fileEncoding = 4; lastKnownFileType = sourcecode.c.objc; path = ESCssTokenizer.m; sourceTree = "<group>"; };
		1558AE8B185F8F25001BB976 /* ESCssTokens.h */ = {isa = PBXFileReference; fileEncoding = 4; lastKnownFileType = sourcecode.c.h; path = ESCssTokens.h; sourceTree = "<group>"; };
		1558AE8C185F8F25001BB976 /* ESCssTokens.m */ = {isa = PBXFileReference; fileEncoding = 4; lastKnownFileType = sourcecode.c.objc; path = ESCssTokens.m; sourceTree = "<group>"; };
		1558AE8E185F8F25001BB976 /* build.command */ = {isa = PBXFileReference; fileEncoding = 4; lastKnownFileType = text; path = build.command; sourceTree = "<group>"; };
		1558AE8F185F8F25001BB976 /* css.l */ = {isa = PBXFileReference; fileEncoding = 4; lastKnownFileType = sourcecode.lex; path = css.l; sourceTree = "<group>"; };
		1558AE90185F8F25001BB976 /* css.y */ = {isa = PBXFileReference; fileEncoding = 4; lastKnownFileType = sourcecode.yacc; path = css.y; sourceTree = "<group>"; };
		1558AE91185F8F25001BB976 /* LICENSE */ = {isa = PBXFileReference; fileEncoding = 4; lastKnownFileType = text; path = LICENSE; sourceTree = "<group>"; };
		1558AE92185F8F25001BB976 /* README.md */ = {isa = PBXFileReference; fileEncoding = 4; lastKnownFileType = text; path = README.md; sourceTree = "<group>"; };
		1558AE93185F8F25001BB976 /* test.css */ = {isa = PBXFileReference; fileEncoding = 4; lastKnownFileType = text.css; path = test.css; sourceTree = "<group>"; };
		1558AEE4185F8F61001BB976 /* simple.css */ = {isa = PBXFileReference; fileEncoding = 4; lastKnownFileType = text.css; path = simple.css; sourceTree = "<group>"; };
		1558AEE7185F9F0B001BB976 /* GJLayout.h */ = {isa = PBXFileReference; fileEncoding = 4; lastKnownFileType = sourcecode.c.h; path = GJLayout.h; sourceTree = "<group>"; };
		1558AEE8185F9F0B001BB976 /* GJLayout.m */ = {isa = PBXFileReference; fileEncoding = 4; lastKnownFileType = sourcecode.c.objc; path = GJLayout.m; sourceTree = "<group>"; };
		1558AEEA185F9FA0001BB976 /* GJStyle.h */ = {isa = PBXFileReference; fileEncoding = 4; lastKnownFileType = sourcecode.c.h; path = GJStyle.h; sourceTree = "<group>"; };
		1558AEEB185F9FA0001BB976 /* GJStyle.m */ = {isa = PBXFileReference; fileEncoding = 4; lastKnownFileType = sourcecode.c.objc; path = GJStyle.m; sourceTree = "<group>"; };
		1558AEED185FA4AB001BB976 /* GJStylesheet.h */ = {isa = PBXFileReference; fileEncoding = 4; lastKnownFileType = sourcecode.c.h; path = GJStylesheet.h; sourceTree = "<group>"; };
		1558AEEE185FA4AB001BB976 /* GJStylesheet.m */ = {isa = PBXFileReference; fileEncoding = 4; lastKnownFileType = sourcecode.c.objc; path = GJStylesheet.m; sourceTree = "<group>"; };
		1593DCD71860AF9C00B28C2B /* UIColorUtils.h */ = {isa = PBXFileReference; fileEncoding = 4; lastKnownFileType = sourcecode.c.h; path = UIColorUtils.h; sourceTree = "<group>"; };
		1593DCD81860AF9C00B28C2B /* UIColorUtils.m */ = {isa = PBXFileReference; fileEncoding = 4; lastKnownFileType = sourcecode.c.objc; path = UIColorUtils.m; sourceTree = "<group>"; };
		4AAE8F12AA274E11AFE6D645 /* libPods.a */ = {isa = PBXFileReference; explicitFileType = archive.ar; includeInIndex = 0; path = libPods.a; sourceTree = BUILT_PRODUCTS_DIR; };
		63D6354518608A5600C0BECC /* GJButtonView.m */ = {isa = PBXFileReference; fileEncoding = 4; lastKnownFileType = sourcecode.c.objc; path = GJButtonView.m; sourceTree = "<group>"; };
		63D6354618608A5600C0BECC /* GJButtonView.h */ = {isa = PBXFileReference; fileEncoding = 4; lastKnownFileType = sourcecode.c.h; path = GJButtonView.h; sourceTree = "<group>"; };
		6A47FDA2186087140036749C /* CustomDivView.h */ = {isa = PBXFileReference; fileEncoding = 4; lastKnownFileType = sourcecode.c.h; path = CustomDivView.h; sourceTree = "<group>"; };
		6A47FDA3186087140036749C /* CustomDivView.m */ = {isa = PBXFileReference; fileEncoding = 4; lastKnownFileType = sourcecode.c.objc; path = CustomDivView.m; sourceTree = "<group>"; };
		B3BF6969A8B148BEBA74EAC2 /* Pods.xcconfig */ = {isa = PBXFileReference; includeInIndex = 1; lastKnownFileType = text.xcconfig; name = Pods.xcconfig; path = Pods/Pods.xcconfig; sourceTree = "<group>"; };
/* End PBXFileReference section */

/* Begin PBXFrameworksBuildPhase section */
		1558AE4D185F6A21001BB976 /* Frameworks */ = {
			isa = PBXFrameworksBuildPhase;
			buildActionMask = 2147483647;
			files = (
				1558AE56185F6A21001BB976 /* CoreGraphics.framework in Frameworks */,
				1558AE58185F6A21001BB976 /* UIKit.framework in Frameworks */,
				1558AE54185F6A21001BB976 /* Foundation.framework in Frameworks */,
				C29067C50F1A497380A5E6E9 /* libPods.a in Frameworks */,
			);
			runOnlyForDeploymentPostprocessing = 0;
		};
		1558AE68185F6A21001BB976 /* Frameworks */ = {
			isa = PBXFrameworksBuildPhase;
			buildActionMask = 2147483647;
			files = (
				1558AE6D185F6A21001BB976 /* XCTest.framework in Frameworks */,
				1558AE6F185F6A21001BB976 /* UIKit.framework in Frameworks */,
				1558AE6E185F6A21001BB976 /* Foundation.framework in Frameworks */,
			);
			runOnlyForDeploymentPostprocessing = 0;
		};
/* End PBXFrameworksBuildPhase section */

/* Begin PBXGroup section */
		12A5E171185F6E5E008D8471 /* resources */ = {
			isa = PBXGroup;
			children = (
				12A5E1871860776E008D8471 /* no-css.html */,
				12A5E172185F6E5E008D8471 /* simple.html */,
				1558AEE4185F8F61001BB976 /* simple.css */,
			);
			path = resources;
			sourceTree = "<group>";
		};
		12A5E17A185F80B1008D8471 /* components */ = {
			isa = PBXGroup;
			children = (
				12A5E184185F97B7008D8471 /* GJBodyView.h */,
				12A5E185185F97B7008D8471 /* GJBodyView.m */,
				63D6354618608A5600C0BECC /* GJButtonView.h */,
				63D6354518608A5600C0BECC /* GJButtonView.m */,
				12A5E17B185F80DE008D8471 /* GJDivView.h */,
				12A5E17C185F80DE008D8471 /* GJDivView.m */,
				1558AEE7185F9F0B001BB976 /* GJLayout.h */,
				1558AEE8185F9F0B001BB976 /* GJLayout.m */,
				12A5E17E185F80EF008D8471 /* GJSpanView.h */,
				12A5E17F185F80EF008D8471 /* GJSpanView.m */,
				1558AEEA185F9FA0001BB976 /* GJStyle.h */,
				1558AEEB185F9FA0001BB976 /* GJStyle.m */,
				1558AEED185FA4AB001BB976 /* GJStylesheet.h */,
				1558AEEE185FA4AB001BB976 /* GJStylesheet.m */,
				12A5E181185F8E97008D8471 /* GJTextView.h */,
				12A5E182185F8E97008D8471 /* GJTextView.m */,
				12A5E189186079E6008D8471 /* UIView+HtmlLayout.h */,
				12A5E18A186079E6008D8471 /* UIView+HtmlLayout.m */,
			);
			path = components;
			sourceTree = "<group>";
		};
		1558AE47185F6A21001BB976 = {
			isa = PBXGroup;
			children = (
				1558AE59185F6A21001BB976 /* GrapeJuice */,
				1558AE85185F8F25001BB976 /* ESCssParser */,
				1558AE72185F6A21001BB976 /* GrapeJuiceTests */,
				1558AE52185F6A21001BB976 /* Frameworks */,
				1558AE51185F6A21001BB976 /* Products */,
				B3BF6969A8B148BEBA74EAC2 /* Pods.xcconfig */,
			);
			sourceTree = "<group>";
		};
		1558AE51185F6A21001BB976 /* Products */ = {
			isa = PBXGroup;
			children = (
				1558AE50185F6A21001BB976 /* GrapeJuice.app */,
				1558AE6B185F6A21001BB976 /* GrapeJuiceTests.xctest */,
			);
			name = Products;
			sourceTree = "<group>";
		};
		1558AE52185F6A21001BB976 /* Frameworks */ = {
			isa = PBXGroup;
			children = (
				1558AE53185F6A21001BB976 /* Foundation.framework */,
				1558AE55185F6A21001BB976 /* CoreGraphics.framework */,
				1558AE57185F6A21001BB976 /* UIKit.framework */,
				1558AE6C185F6A21001BB976 /* XCTest.framework */,
				4AAE8F12AA274E11AFE6D645 /* libPods.a */,
			);
			name = Frameworks;
			sourceTree = "<group>";
		};
		1558AE59185F6A21001BB976 /* GrapeJuice */ = {
			isa = PBXGroup;
			children = (
				1593DCD71860AF9C00B28C2B /* UIColorUtils.h */,
				1593DCD81860AF9C00B28C2B /* UIColorUtils.m */,
				12A5E17A185F80B1008D8471 /* components */,
				1558AE62185F6A21001BB976 /* AppDelegate.h */,
				1558AE63185F6A21001BB976 /* AppDelegate.m */,
				12A5E177185F7948008D8471 /* GrapeJuiceViewController.h */,
				12A5E178185F7948008D8471 /* GrapeJuiceViewController.m */,
				12A5E174185F73D5008D8471 /* UIViewController+GrapeJuice.h */,
				12A5E175185F73D5008D8471 /* UIViewController+GrapeJuice.m */,
				1558AE65185F6A21001BB976 /* Images.xcassets */,
				12A5E171185F6E5E008D8471 /* resources */,
				1558AE5A185F6A21001BB976 /* Supporting Files */,
				6A47FDA2186087140036749C /* CustomDivView.h */,
				6A47FDA3186087140036749C /* CustomDivView.m */,
				12A5E18C1860ACD5008D8471 /* NSString+Utils.h */,
				12A5E18D1860ACD5008D8471 /* NSString+Utils.m */,
				12A5E18F1860AF9C008D8471 /* CallAlertButton.h */,
				12A5E1901860AF9C008D8471 /* CallAlertButton.m */,
			);
			path = GrapeJuice;
			sourceTree = "<group>";
		};
		1558AE5A185F6A21001BB976 /* Supporting Files */ = {
			isa = PBXGroup;
			children = (
				1558AE5B185F6A21001BB976 /* GrapeJuice-Info.plist */,
				1558AE5C185F6A21001BB976 /* InfoPlist.strings */,
				1558AE5F185F6A21001BB976 /* main.m */,
				1558AE61185F6A21001BB976 /* GrapeJuice-Prefix.pch */,
			);
			name = "Supporting Files";
			sourceTree = "<group>";
		};
		1558AE72185F6A21001BB976 /* GrapeJuiceTests */ = {
			isa = PBXGroup;
			children = (
				1558AE78185F6A21001BB976 /* GrapeJuiceTests.m */,
				1558AE73185F6A21001BB976 /* Supporting Files */,
			);
			path = GrapeJuiceTests;
			sourceTree = "<group>";
		};
		1558AE73185F6A21001BB976 /* Supporting Files */ = {
			isa = PBXGroup;
			children = (
				1558AE74185F6A21001BB976 /* GrapeJuiceTests-Info.plist */,
				1558AE75185F6A21001BB976 /* InfoPlist.strings */,
			);
			name = "Supporting Files";
			sourceTree = "<group>";
		};
		1558AE85185F8F25001BB976 /* ESCssParser */ = {
			isa = PBXGroup;
			children = (
				1558AE86185F8F25001BB976 /* ESCssParser */,
				1558AE91185F8F25001BB976 /* LICENSE */,
				1558AE92185F8F25001BB976 /* README.md */,
				1558AE93185F8F25001BB976 /* test.css */,
			);
			path = ESCssParser;
			sourceTree = "<group>";
		};
		1558AE86185F8F25001BB976 /* ESCssParser */ = {
			isa = PBXGroup;
			children = (
				1558AE87185F8F25001BB976 /* Parser */,
				1558AE8D185F8F25001BB976 /* Syntax */,
			);
			path = ESCssParser;
			sourceTree = "<group>";
		};
		1558AE87185F8F25001BB976 /* Parser */ = {
			isa = PBXGroup;
			children = (
				1558AE88185F8F25001BB976 /* ESCssParser.h */,
				1558AE89185F8F25001BB976 /* ESCssParser.m */,
				1558AE8A185F8F25001BB976 /* ESCssTokenizer.m */,
				1558AE8B185F8F25001BB976 /* ESCssTokens.h */,
				1558AE8C185F8F25001BB976 /* ESCssTokens.m */,
			);
			path = Parser;
			sourceTree = "<group>";
		};
		1558AE8D185F8F25001BB976 /* Syntax */ = {
			isa = PBXGroup;
			children = (
				1558AE8E185F8F25001BB976 /* build.command */,
				1558AE8F185F8F25001BB976 /* css.l */,
				1558AE90185F8F25001BB976 /* css.y */,
			);
			path = Syntax;
			sourceTree = "<group>";
		};
/* End PBXGroup section */

/* Begin PBXNativeTarget section */
		1558AE4F185F6A21001BB976 /* GrapeJuice */ = {
			isa = PBXNativeTarget;
			buildConfigurationList = 1558AE7C185F6A21001BB976 /* Build configuration list for PBXNativeTarget "GrapeJuice" */;
			buildPhases = (
				9F5738D9493843B5AEF12F69 /* Check Pods Manifest.lock */,
				1558AE4C185F6A21001BB976 /* Sources */,
				1558AE4D185F6A21001BB976 /* Frameworks */,
				1558AE4E185F6A21001BB976 /* Resources */,
				0DE1B1B048824529A8E4483C /* Copy Pods Resources */,
			);
			buildRules = (
			);
			dependencies = (
			);
			name = GrapeJuice;
			productName = GrapeJuice;
			productReference = 1558AE50185F6A21001BB976 /* GrapeJuice.app */;
			productType = "com.apple.product-type.application";
		};
		1558AE6A185F6A21001BB976 /* GrapeJuiceTests */ = {
			isa = PBXNativeTarget;
			buildConfigurationList = 1558AE7F185F6A21001BB976 /* Build configuration list for PBXNativeTarget "GrapeJuiceTests" */;
			buildPhases = (
				1558AE67185F6A21001BB976 /* Sources */,
				1558AE68185F6A21001BB976 /* Frameworks */,
				1558AE69185F6A21001BB976 /* Resources */,
			);
			buildRules = (
			);
			dependencies = (
				1558AE71185F6A21001BB976 /* PBXTargetDependency */,
			);
			name = GrapeJuiceTests;
			productName = GrapeJuiceTests;
			productReference = 1558AE6B185F6A21001BB976 /* GrapeJuiceTests.xctest */;
			productType = "com.apple.product-type.bundle.unit-test";
		};
/* End PBXNativeTarget section */

/* Begin PBXProject section */
		1558AE48185F6A21001BB976 /* Project object */ = {
			isa = PBXProject;
			attributes = {
				LastUpgradeCheck = 0500;
				ORGANIZATIONNAME = Globo.com;
				TargetAttributes = {
					1558AE6A185F6A21001BB976 = {
						TestTargetID = 1558AE4F185F6A21001BB976;
					};
				};
			};
			buildConfigurationList = 1558AE4B185F6A21001BB976 /* Build configuration list for PBXProject "GrapeJuice" */;
			compatibilityVersion = "Xcode 3.2";
			developmentRegion = English;
			hasScannedForEncodings = 0;
			knownRegions = (
				en,
				Base,
			);
			mainGroup = 1558AE47185F6A21001BB976;
			productRefGroup = 1558AE51185F6A21001BB976 /* Products */;
			projectDirPath = "";
			projectRoot = "";
			targets = (
				1558AE4F185F6A21001BB976 /* GrapeJuice */,
				1558AE6A185F6A21001BB976 /* GrapeJuiceTests */,
			);
		};
/* End PBXProject section */

/* Begin PBXResourcesBuildPhase section */
		1558AE4E185F6A21001BB976 /* Resources */ = {
			isa = PBXResourcesBuildPhase;
			buildActionMask = 2147483647;
			files = (
				1558AEE5185F8F61001BB976 /* simple.css in Resources */,
				12A5E1881860776E008D8471 /* no-css.html in Resources */,
				1558AEC4185F8F25001BB976 /* README.md in Resources */,
				1558AE5E185F6A21001BB976 /* InfoPlist.strings in Resources */,
				1558AE66185F6A21001BB976 /* Images.xcassets in Resources */,
				1558AEC0185F8F25001BB976 /* build.command in Resources */,
				12A5E173185F6E5E008D8471 /* simple.html in Resources */,
				1558AEC3185F8F25001BB976 /* LICENSE in Resources */,
			);
			runOnlyForDeploymentPostprocessing = 0;
		};
		1558AE69185F6A21001BB976 /* Resources */ = {
			isa = PBXResourcesBuildPhase;
			buildActionMask = 2147483647;
			files = (
				1558AE77185F6A21001BB976 /* InfoPlist.strings in Resources */,
			);
			runOnlyForDeploymentPostprocessing = 0;
		};
/* End PBXResourcesBuildPhase section */

/* Begin PBXShellScriptBuildPhase section */
		0DE1B1B048824529A8E4483C /* Copy Pods Resources */ = {
			isa = PBXShellScriptBuildPhase;
			buildActionMask = 2147483647;
			files = (
			);
			inputPaths = (
			);
			name = "Copy Pods Resources";
			outputPaths = (
			);
			runOnlyForDeploymentPostprocessing = 0;
			shellPath = /bin/sh;
			shellScript = "\"${SRCROOT}/Pods/Pods-resources.sh\"\n";
			showEnvVarsInLog = 0;
		};
		9F5738D9493843B5AEF12F69 /* Check Pods Manifest.lock */ = {
			isa = PBXShellScriptBuildPhase;
			buildActionMask = 2147483647;
			files = (
			);
			inputPaths = (
			);
			name = "Check Pods Manifest.lock";
			outputPaths = (
			);
			runOnlyForDeploymentPostprocessing = 0;
			shellPath = /bin/sh;
			shellScript = "diff \"${PODS_ROOT}/../Podfile.lock\" \"${PODS_ROOT}/Manifest.lock\" > /dev/null\nif [[ $? != 0 ]] ; then\n    cat << EOM\nerror: The sandbox is not in sync with the Podfile.lock. Run 'pod install' or update your CocoaPods installation.\nEOM\n    exit 1\nfi\n";
			showEnvVarsInLog = 0;
		};
/* End PBXShellScriptBuildPhase section */

/* Begin PBXSourcesBuildPhase section */
		1558AE4C185F6A21001BB976 /* Sources */ = {
			isa = PBXSourcesBuildPhase;
			buildActionMask = 2147483647;
			files = (
				633E2BBE1860765600163A0D /* GJSpanView.m in Sources */,
				63D6354718608A5600C0BECC /* GJButtonView.m in Sources */,
				12A5E18B186079E6008D8471 /* UIView+HtmlLayout.m in Sources */,
				12A5E183185F8E97008D8471 /* GJTextView.m in Sources */,
				12A5E186185F97B7008D8471 /* GJBodyView.m in Sources */,
				1558AEE9185F9F0B001BB976 /* GJLayout.m in Sources */,
				6A47FDA4186087140036749C /* CustomDivView.m in Sources */,
				1558AEBF185F8F25001BB976 /* ESCssTokens.m in Sources */,
				12A5E176185F73D5008D8471 /* UIViewController+GrapeJuice.m in Sources */,
				1593DCD91860AF9C00B28C2B /* UIColorUtils.m in Sources */,
				1558AEBD185F8F25001BB976 /* ESCssParser.m in Sources */,
				12A5E1911860AF9C008D8471 /* CallAlertButton.m in Sources */,
				1558AE64185F6A21001BB976 /* AppDelegate.m in Sources */,
				1558AEEF185FA4AB001BB976 /* GJStylesheet.m in Sources */,
				12A5E179185F7948008D8471 /* GrapeJuiceViewController.m in Sources */,
				12A5E18E1860ACD5008D8471 /* NSString+Utils.m in Sources */,
				12A5E17D185F80DE008D8471 /* GJDivView.m in Sources */,
				1558AE60185F6A21001BB976 /* main.m in Sources */,
				1558AEEC185F9FA0001BB976 /* GJStyle.m in Sources */,
				1558AEBE185F8F25001BB976 /* ESCssTokenizer.m in Sources */,
			);
			runOnlyForDeploymentPostprocessing = 0;
		};
		1558AE67185F6A21001BB976 /* Sources */ = {
			isa = PBXSourcesBuildPhase;
			buildActionMask = 2147483647;
			files = (
				1558AE79185F6A21001BB976 /* GrapeJuiceTests.m in Sources */,
			);
			runOnlyForDeploymentPostprocessing = 0;
		};
/* End PBXSourcesBuildPhase section */

/* Begin PBXTargetDependency section */
		1558AE71185F6A21001BB976 /* PBXTargetDependency */ = {
			isa = PBXTargetDependency;
			target = 1558AE4F185F6A21001BB976 /* GrapeJuice */;
			targetProxy = 1558AE70185F6A21001BB976 /* PBXContainerItemProxy */;
		};
/* End PBXTargetDependency section */

/* Begin PBXVariantGroup section */
		1558AE5C185F6A21001BB976 /* InfoPlist.strings */ = {
			isa = PBXVariantGroup;
			children = (
				1558AE5D185F6A21001BB976 /* en */,
			);
			name = InfoPlist.strings;
			sourceTree = "<group>";
		};
		1558AE75185F6A21001BB976 /* InfoPlist.strings */ = {
			isa = PBXVariantGroup;
			children = (
				1558AE76185F6A21001BB976 /* en */,
			);
			name = InfoPlist.strings;
			sourceTree = "<group>";
		};
/* End PBXVariantGroup section */

/* Begin XCBuildConfiguration section */
		1558AE7A185F6A21001BB976 /* Debug */ = {
			isa = XCBuildConfiguration;
			buildSettings = {
				ALWAYS_SEARCH_USER_PATHS = NO;
				ARCHS = "$(ARCHS_STANDARD_INCLUDING_64_BIT)";
				CLANG_CXX_LANGUAGE_STANDARD = "gnu++0x";
				CLANG_CXX_LIBRARY = "libc++";
				CLANG_ENABLE_MODULES = YES;
				CLANG_ENABLE_OBJC_ARC = YES;
				CLANG_WARN_BOOL_CONVERSION = YES;
				CLANG_WARN_CONSTANT_CONVERSION = YES;
				CLANG_WARN_DIRECT_OBJC_ISA_USAGE = YES_ERROR;
				CLANG_WARN_EMPTY_BODY = YES;
				CLANG_WARN_ENUM_CONVERSION = YES;
				CLANG_WARN_INT_CONVERSION = YES;
				CLANG_WARN_OBJC_ROOT_CLASS = YES_ERROR;
				CLANG_WARN__DUPLICATE_METHOD_MATCH = YES;
				"CODE_SIGN_IDENTITY[sdk=iphoneos*]" = "iPhone Developer";
				COPY_PHASE_STRIP = NO;
				GCC_C_LANGUAGE_STANDARD = gnu99;
				GCC_DYNAMIC_NO_PIC = NO;
				GCC_OPTIMIZATION_LEVEL = 0;
				GCC_PREPROCESSOR_DEFINITIONS = (
					"DEBUG=1",
					"$(inherited)",
				);
				GCC_SYMBOLS_PRIVATE_EXTERN = NO;
				GCC_WARN_64_TO_32_BIT_CONVERSION = YES;
				GCC_WARN_ABOUT_RETURN_TYPE = YES_ERROR;
				GCC_WARN_UNDECLARED_SELECTOR = YES;
				GCC_WARN_UNINITIALIZED_AUTOS = YES;
				GCC_WARN_UNUSED_FUNCTION = YES;
				GCC_WARN_UNUSED_VARIABLE = YES;
				IPHONEOS_DEPLOYMENT_TARGET = 7.0;
				ONLY_ACTIVE_ARCH = YES;
				SDKROOT = iphoneos;
				TARGETED_DEVICE_FAMILY = "1,2";
			};
			name = Debug;
		};
		1558AE7B185F6A21001BB976 /* Release */ = {
			isa = XCBuildConfiguration;
			buildSettings = {
				ALWAYS_SEARCH_USER_PATHS = NO;
				ARCHS = "$(ARCHS_STANDARD_INCLUDING_64_BIT)";
				CLANG_CXX_LANGUAGE_STANDARD = "gnu++0x";
				CLANG_CXX_LIBRARY = "libc++";
				CLANG_ENABLE_MODULES = YES;
				CLANG_ENABLE_OBJC_ARC = YES;
				CLANG_WARN_BOOL_CONVERSION = YES;
				CLANG_WARN_CONSTANT_CONVERSION = YES;
				CLANG_WARN_DIRECT_OBJC_ISA_USAGE = YES_ERROR;
				CLANG_WARN_EMPTY_BODY = YES;
				CLANG_WARN_ENUM_CONVERSION = YES;
				CLANG_WARN_INT_CONVERSION = YES;
				CLANG_WARN_OBJC_ROOT_CLASS = YES_ERROR;
				CLANG_WARN__DUPLICATE_METHOD_MATCH = YES;
				"CODE_SIGN_IDENTITY[sdk=iphoneos*]" = "iPhone Developer";
				COPY_PHASE_STRIP = YES;
				ENABLE_NS_ASSERTIONS = NO;
				GCC_C_LANGUAGE_STANDARD = gnu99;
				GCC_WARN_64_TO_32_BIT_CONVERSION = YES;
				GCC_WARN_ABOUT_RETURN_TYPE = YES_ERROR;
				GCC_WARN_UNDECLARED_SELECTOR = YES;
				GCC_WARN_UNINITIALIZED_AUTOS = YES;
				GCC_WARN_UNUSED_FUNCTION = YES;
				GCC_WARN_UNUSED_VARIABLE = YES;
				IPHONEOS_DEPLOYMENT_TARGET = 7.0;
				SDKROOT = iphoneos;
				TARGETED_DEVICE_FAMILY = "1,2";
				VALIDATE_PRODUCT = YES;
			};
			name = Release;
		};
		1558AE7D185F6A21001BB976 /* Debug */ = {
			isa = XCBuildConfiguration;
			baseConfigurationReference = B3BF6969A8B148BEBA74EAC2 /* Pods.xcconfig */;
			buildSettings = {
				ASSETCATALOG_COMPILER_APPICON_NAME = AppIcon;
				ASSETCATALOG_COMPILER_LAUNCHIMAGE_NAME = LaunchImage;
				GCC_PRECOMPILE_PREFIX_HEADER = YES;
				GCC_PREFIX_HEADER = "GrapeJuice/GrapeJuice-Prefix.pch";
				INFOPLIST_FILE = "GrapeJuice/GrapeJuice-Info.plist";
				PRODUCT_NAME = "$(TARGET_NAME)";
				WRAPPER_EXTENSION = app;
			};
			name = Debug;
		};
		1558AE7E185F6A21001BB976 /* Release */ = {
			isa = XCBuildConfiguration;
			baseConfigurationReference = B3BF6969A8B148BEBA74EAC2 /* Pods.xcconfig */;
			buildSettings = {
				ASSETCATALOG_COMPILER_APPICON_NAME = AppIcon;
				ASSETCATALOG_COMPILER_LAUNCHIMAGE_NAME = LaunchImage;
				GCC_PRECOMPILE_PREFIX_HEADER = YES;
				GCC_PREFIX_HEADER = "GrapeJuice/GrapeJuice-Prefix.pch";
				INFOPLIST_FILE = "GrapeJuice/GrapeJuice-Info.plist";
				PRODUCT_NAME = "$(TARGET_NAME)";
				WRAPPER_EXTENSION = app;
			};
			name = Release;
		};
		1558AE80185F6A21001BB976 /* Debug */ = {
			isa = XCBuildConfiguration;
			buildSettings = {
				ARCHS = "$(ARCHS_STANDARD_INCLUDING_64_BIT)";
				BUNDLE_LOADER = "$(BUILT_PRODUCTS_DIR)/GrapeJuice.app/GrapeJuice";
				FRAMEWORK_SEARCH_PATHS = (
					"$(SDKROOT)/Developer/Library/Frameworks",
					"$(inherited)",
					"$(DEVELOPER_FRAMEWORKS_DIR)",
				);
				GCC_PRECOMPILE_PREFIX_HEADER = YES;
				GCC_PREFIX_HEADER = "GrapeJuice/GrapeJuice-Prefix.pch";
				GCC_PREPROCESSOR_DEFINITIONS = (
					"DEBUG=1",
					"$(inherited)",
				);
				INFOPLIST_FILE = "GrapeJuiceTests/GrapeJuiceTests-Info.plist";
				PRODUCT_NAME = "$(TARGET_NAME)";
				TEST_HOST = "$(BUNDLE_LOADER)";
				WRAPPER_EXTENSION = xctest;
			};
			name = Debug;
		};
		1558AE81185F6A21001BB976 /* Release */ = {
			isa = XCBuildConfiguration;
			buildSettings = {
				ARCHS = "$(ARCHS_STANDARD_INCLUDING_64_BIT)";
				BUNDLE_LOADER = "$(BUILT_PRODUCTS_DIR)/GrapeJuice.app/GrapeJuice";
				FRAMEWORK_SEARCH_PATHS = (
					"$(SDKROOT)/Developer/Library/Frameworks",
					"$(inherited)",
					"$(DEVELOPER_FRAMEWORKS_DIR)",
				);
				GCC_PRECOMPILE_PREFIX_HEADER = YES;
				GCC_PREFIX_HEADER = "GrapeJuice/GrapeJuice-Prefix.pch";
				INFOPLIST_FILE = "GrapeJuiceTests/GrapeJuiceTests-Info.plist";
				PRODUCT_NAME = "$(TARGET_NAME)";
				TEST_HOST = "$(BUNDLE_LOADER)";
				WRAPPER_EXTENSION = xctest;
			};
			name = Release;
		};
/* End XCBuildConfiguration section */

/* Begin XCConfigurationList section */
		1558AE4B185F6A21001BB976 /* Build configuration list for PBXProject "GrapeJuice" */ = {
			isa = XCConfigurationList;
			buildConfigurations = (
				1558AE7A185F6A21001BB976 /* Debug */,
				1558AE7B185F6A21001BB976 /* Release */,
			);
			defaultConfigurationIsVisible = 0;
			defaultConfigurationName = Release;
		};
		1558AE7C185F6A21001BB976 /* Build configuration list for PBXNativeTarget "GrapeJuice" */ = {
			isa = XCConfigurationList;
			buildConfigurations = (
				1558AE7D185F6A21001BB976 /* Debug */,
				1558AE7E185F6A21001BB976 /* Release */,
			);
			defaultConfigurationIsVisible = 0;
			defaultConfigurationName = Release;
		};
		1558AE7F185F6A21001BB976 /* Build configuration list for PBXNativeTarget "GrapeJuiceTests" */ = {
			isa = XCConfigurationList;
			buildConfigurations = (
				1558AE80185F6A21001BB976 /* Debug */,
				1558AE81185F6A21001BB976 /* Release */,
			);
			defaultConfigurationIsVisible = 0;
			defaultConfigurationName = Release;
		};
/* End XCConfigurationList section */
	};
	rootObject = 1558AE48185F6A21001BB976 /* Project object */;
}
